
Microsoft Visual Studio Solution File, Format Version 12.00
# Visual Studio 15
VisualStudioVersion = 15.0.26430.14
MinimumVisualStudioVersion = 10.0.40219.1
Project("{8BC9CEB8-8B4A-11D0-8D11-00A0C91BC942}") = "table-project", "table-project\table-project.vcxproj", "{01AF1914-2A77-4FD6-9391-11AF32F334B9}"
EndProject
Project("{8BC9CEB8-8B4A-11D0-8D11-00A0C91BC942}") = "table-project--split-tasks", "table-project--split-tasks\table-project--split-tasks.vcxproj", "{760C1920-3000-4387-9534-0F9E57DC3EE0}"
EndProject
Project("{8BC9CEB8-8B4A-11D0-8D11-00A0C91BC942}") = "table-project--split-processes", "table-project--split-processes\table-project--split-processes.vcxproj", "{1C07ACD3-6777-4E1E-B4F0-DE64030DF32B}"
EndProject
Project("{8BC9CEB8-8B4A-11D0-8D11-00A0C91BC942}") = "table-project--old-method", "table-project--old-method\table-project--old-method.vcxproj", "{4D52F212-60A3-4066-88D8-8DED69B1353F}"
EndProject
Project("{8BC9CEB8-8B4A-11D0-8D11-00A0C91BC942}") = "table-project--old-method-2", "table-project--old-method-2\table-project--old-method-2.vcxproj", "{0A1F4949-E528-4455-9115-BC844A52FC8A}"
EndProject
Project("{8BC9CEB8-8B4A-11D0-8D11-00A0C91BC942}") = "table-project--2", "table-project--2\table-project--2.vcxproj", "{48757DA5-A10E-4DF5-B7B9-E940A16D3B6F}"
EndProject
Project("{8BC9CEB8-8B4A-11D0-8D11-00A0C91BC942}") = "table-project--larry", "table-project--larry\table-project--larry.vcxproj", "{E011377A-CC6C-4D7E-B8A1-8EC4AC639443}"
EndProject
Global
	GlobalSection(SolutionConfigurationPlatforms) = preSolution
		Debug|x64 = Debug|x64
		Debug|x86 = Debug|x86
		Release|x64 = Release|x64
		Release|x86 = Release|x86
	EndGlobalSection
	GlobalSection(ProjectConfigurationPlatforms) = postSolution
		{01AF1914-2A77-4FD6-9391-11AF32F334B9}.Debug|x64.ActiveCfg = Debug|x64
		{01AF1914-2A77-4FD6-9391-11AF32F334B9}.Debug|x64.Build.0 = Debug|x64
		{01AF1914-2A77-4FD6-9391-11AF32F334B9}.Debug|x86.ActiveCfg = Debug|Win32
		{01AF1914-2A77-4FD6-9391-11AF32F334B9}.Debug|x86.Build.0 = Debug|Win32
		{01AF1914-2A77-4FD6-9391-11AF32F334B9}.Release|x64.ActiveCfg = Release|x64
		{01AF1914-2A77-4FD6-9391-11AF32F334B9}.Release|x64.Build.0 = Release|x64
		{01AF1914-2A77-4FD6-9391-11AF32F334B9}.Release|x86.ActiveCfg = Release|Win32
		{01AF1914-2A77-4FD6-9391-11AF32F334B9}.Release|x86.Build.0 = Release|Win32
		{760C1920-3000-4387-9534-0F9E57DC3EE0}.Debug|x64.ActiveCfg = Debug|x64
		{760C1920-3000-4387-9534-0F9E57DC3EE0}.Debug|x64.Build.0 = Debug|x64
		{760C1920-3000-4387-9534-0F9E57DC3EE0}.Debug|x86.ActiveCfg = Debug|Win32
		{760C1920-3000-4387-9534-0F9E57DC3EE0}.Debug|x86.Build.0 = Debug|Win32
		{760C1920-3000-4387-9534-0F9E57DC3EE0}.Release|x64.ActiveCfg = Release|x64
		{760C1920-3000-4387-9534-0F9E57DC3EE0}.Release|x64.Build.0 = Release|x64
		{760C1920-3000-4387-9534-0F9E57DC3EE0}.Release|x86.ActiveCfg = Release|Win32
		{760C1920-3000-4387-9534-0F9E57DC3EE0}.Release|x86.Build.0 = Release|Win32
		{1C07ACD3-6777-4E1E-B4F0-DE64030DF32B}.Debug|x64.ActiveCfg = Debug|x64
		{1C07ACD3-6777-4E1E-B4F0-DE64030DF32B}.Debug|x64.Build.0 = Debug|x64
		{1C07ACD3-6777-4E1E-B4F0-DE64030DF32B}.Debug|x86.ActiveCfg = Debug|Win32
		{1C07ACD3-6777-4E1E-B4F0-DE64030DF32B}.Debug|x86.Build.0 = Debug|Win32
		{1C07ACD3-6777-4E1E-B4F0-DE64030DF32B}.Release|x64.ActiveCfg = Release|x64
		{1C07ACD3-6777-4E1E-B4F0-DE64030DF32B}.Release|x64.Build.0 = Release|x64
		{1C07ACD3-6777-4E1E-B4F0-DE64030DF32B}.Release|x86.ActiveCfg = Release|Win32
		{1C07ACD3-6777-4E1E-B4F0-DE64030DF32B}.Release|x86.Build.0 = Release|Win32
		{4D52F212-60A3-4066-88D8-8DED69B1353F}.Debug|x64.ActiveCfg = Debug|x64
		{4D52F212-60A3-4066-88D8-8DED69B1353F}.Debug|x64.Build.0 = Debug|x64
		{4D52F212-60A3-4066-88D8-8DED69B1353F}.Debug|x86.ActiveCfg = Debug|Win32
		{4D52F212-60A3-4066-88D8-8DED69B1353F}.Debug|x86.Build.0 = Debug|Win32
		{4D52F212-60A3-4066-88D8-8DED69B1353F}.Release|x64.ActiveCfg = Release|x64
		{4D52F212-60A3-4066-88D8-8DED69B1353F}.Release|x64.Build.0 = Release|x64
		{4D52F212-60A3-4066-88D8-8DED69B1353F}.Release|x86.ActiveCfg = Release|Win32
		{4D52F212-60A3-4066-88D8-8DED69B1353F}.Release|x86.Build.0 = Release|Win32
		{0A1F4949-E528-4455-9115-BC844A52FC8A}.Debug|x64.ActiveCfg = Debug|x64
		{0A1F4949-E528-4455-9115-BC844A52FC8A}.Debug|x64.Build.0 = Debug|x64
		{0A1F4949-E528-4455-9115-BC844A52FC8A}.Debug|x86.ActiveCfg = Debug|Win32
		{0A1F4949-E528-4455-9115-BC844A52FC8A}.Debug|x86.Build.0 = Debug|Win32
		{0A1F4949-E528-4455-9115-BC844A52FC8A}.Release|x64.ActiveCfg = Release|x64
		{0A1F4949-E528-4455-9115-BC844A52FC8A}.Release|x64.Build.0 = Release|x64
		{0A1F4949-E528-4455-9115-BC844A52FC8A}.Release|x86.ActiveCfg = Release|Win32
		{0A1F4949-E528-4455-9115-BC844A52FC8A}.Release|x86.Build.0 = Release|Win32
		{48757DA5-A10E-4DF5-B7B9-E940A16D3B6F}.Debug|x64.ActiveCfg = Debug|x64
		{48757DA5-A10E-4DF5-B7B9-E940A16D3B6F}.Debug|x64.Build.0 = Debug|x64
		{48757DA5-A10E-4DF5-B7B9-E940A16D3B6F}.Debug|x86.ActiveCfg = Debug|Win32
		{48757DA5-A10E-4DF5-B7B9-E940A16D3B6F}.Debug|x86.Build.0 = Debug|Win32
		{48757DA5-A10E-4DF5-B7B9-E940A16D3B6F}.Release|x64.ActiveCfg = Release|x64
		{48757DA5-A10E-4DF5-B7B9-E940A16D3B6F}.Release|x64.Build.0 = Release|x64
		{48757DA5-A10E-4DF5-B7B9-E940A16D3B6F}.Release|x86.ActiveCfg = Release|Win32
		{48757DA5-A10E-4DF5-B7B9-E940A16D3B6F}.Release|x86.Build.0 = Release|Win32
		{E011377A-CC6C-4D7E-B8A1-8EC4AC639443}.Debug|x64.ActiveCfg = Debug|x64
		{E011377A-CC6C-4D7E-B8A1-8EC4AC639443}.Debug|x64.Build.0 = Debug|x64
		{E011377A-CC6C-4D7E-B8A1-8EC4AC639443}.Debug|x86.ActiveCfg = Debug|Win32
		{E011377A-CC6C-4D7E-B8A1-8EC4AC639443}.Debug|x86.Build.0 = Debug|Win32
		{E011377A-CC6C-4D7E-B8A1-8EC4AC639443}.Release|x64.ActiveCfg = Release|x64
		{E011377A-CC6C-4D7E-B8A1-8EC4AC639443}.Release|x64.Build.0 = Release|x64
		{E011377A-CC6C-4D7E-B8A1-8EC4AC639443}.Release|x86.ActiveCfg = Release|Win32
		{E011377A-CC6C-4D7E-B8A1-8EC4AC639443}.Release|x86.Build.0 = Release|Win32
	EndGlobalSection
	GlobalSection(SolutionProperties) = preSolution
		HideSolutionNode = FALSE
	EndGlobalSection
EndGlobal
